
Microsoft Visual Studio Solution File, Format Version 12.00
# Visual Studio Version 16
VisualStudioVersion = 16.0.31205.134
MinimumVisualStudioVersion = 10.0.40219.1
Project("{FAE04EC0-301F-11D3-BF4B-00C04F79EFBC}") = "WindowsFormsApp1", "WindowsFormsApp1.csproj", "{CF3A7205-BB84-43F0-B65C-D5CB6AC75B6E}"
EndProject
Global
	GlobalSection(SolutionConfigurationPlatforms) = preSolution
		Debug|Any CPU = Debug|Any CPU
		Release|Any CPU = Release|Any CPU
	EndGlobalSection
	GlobalSection(ProjectConfigurationPlatforms) = postSolution
		{CF3A7205-BB84-43F0-B65C-D5CB6AC75B6E}.Debug|Any CPU.ActiveCfg = Debug|Any CPU
		{CF3A7205-BB84-43F0-B65C-D5CB6AC75B6E}.Debug|Any CPU.Build.0 = Debug|Any CPU
		{CF3A7205-BB84-43F0-B65C-D5CB6AC75B6E}.Release|Any CPU.ActiveCfg = Release|Any CPU
		{CF3A7205-BB84-43F0-B65C-D5CB6AC75B6E}.Release|Any CPU.Build.0 = Release|Any CPU
	EndGlobalSection
	GlobalSection(SolutionProperties) = preSolution
		HideSolutionNode = FALSE
	EndGlobalSection
	GlobalSection(ExtensibilityGlobals) = postSolution
		SolutionGuid = {C3A54A20-C95F-44DB-9F70-CFF93E383BEE}
	EndGlobalSection
EndGlobal
